
Microsoft Visual Studio Solution File, Format Version 12.00
# Visual Studio 15
VisualStudioVersion = 15.0.27004.2002
MinimumVisualStudioVersion = 10.0.40219.1
Project("{FAE04EC0-301F-11D3-BF4B-00C04F79EFBC}") = "PN.Presentation", "PN.Presentation\PN.Presentation.csproj", "{27A50FC6-3253-4B25-9C2E-DC300F87C052}"
EndProject
Project("{FAE04EC0-301F-11D3-BF4B-00C04F79EFBC}") = "DATA", "DATA\DATA.csproj", "{ABBDF85C-DBF4-4CB7-A932-CC786BCDC1E7}"
EndProject
Project("{FAE04EC0-301F-11D3-BF4B-00C04F79EFBC}") = "Domain", "Domain\Domain.csproj", "{19CDF9ED-857D-4C4F-8EAA-D8B159660E5F}"
EndProject
Project("{FAE04EC0-301F-11D3-BF4B-00C04F79EFBC}") = "Services", "Services\Services.csproj", "{AAAA94AC-6670-40D6-A139-5FAAB95D5FAA}"
EndProject
Project("{FAE04EC0-301F-11D3-BF4B-00C04F79EFBC}") = "ServicePattern", "ServicePattern\ServicePattern.csproj", "{F6092D4F-DC51-46BA-BD82-772E65E76AAD}"
EndProject
Global
	GlobalSection(SolutionConfigurationPlatforms) = preSolution
		Debug|Any CPU = Debug|Any CPU
		Release|Any CPU = Release|Any CPU
	EndGlobalSection
	GlobalSection(ProjectConfigurationPlatforms) = postSolution
		{27A50FC6-3253-4B25-9C2E-DC300F87C052}.Debug|Any CPU.ActiveCfg = Debug|Any CPU
		{27A50FC6-3253-4B25-9C2E-DC300F87C052}.Debug|Any CPU.Build.0 = Debug|Any CPU
		{27A50FC6-3253-4B25-9C2E-DC300F87C052}.Release|Any CPU.ActiveCfg = Release|Any CPU
		{27A50FC6-3253-4B25-9C2E-DC300F87C052}.Release|Any CPU.Build.0 = Release|Any CPU
		{ABBDF85C-DBF4-4CB7-A932-CC786BCDC1E7}.Debug|Any CPU.ActiveCfg = Debug|Any CPU
		{ABBDF85C-DBF4-4CB7-A932-CC786BCDC1E7}.Debug|Any CPU.Build.0 = Debug|Any CPU
		{ABBDF85C-DBF4-4CB7-A932-CC786BCDC1E7}.Release|Any CPU.ActiveCfg = Release|Any CPU
		{ABBDF85C-DBF4-4CB7-A932-CC786BCDC1E7}.Release|Any CPU.Build.0 = Release|Any CPU
		{19CDF9ED-857D-4C4F-8EAA-D8B159660E5F}.Debug|Any CPU.ActiveCfg = Debug|Any CPU
		{19CDF9ED-857D-4C4F-8EAA-D8B159660E5F}.Debug|Any CPU.Build.0 = Debug|Any CPU
		{19CDF9ED-857D-4C4F-8EAA-D8B159660E5F}.Release|Any CPU.ActiveCfg = Release|Any CPU
		{19CDF9ED-857D-4C4F-8EAA-D8B159660E5F}.Release|Any CPU.Build.0 = Release|Any CPU
		{AAAA94AC-6670-40D6-A139-5FAAB95D5FAA}.Debug|Any CPU.ActiveCfg = Debug|Any CPU
		{AAAA94AC-6670-40D6-A139-5FAAB95D5FAA}.Debug|Any CPU.Build.0 = Debug|Any CPU
		{AAAA94AC-6670-40D6-A139-5FAAB95D5FAA}.Release|Any CPU.ActiveCfg = Release|Any CPU
		{AAAA94AC-6670-40D6-A139-5FAAB95D5FAA}.Release|Any CPU.Build.0 = Release|Any CPU
		{F6092D4F-DC51-46BA-BD82-772E65E76AAD}.Debug|Any CPU.ActiveCfg = Debug|Any CPU
		{F6092D4F-DC51-46BA-BD82-772E65E76AAD}.Debug|Any CPU.Build.0 = Debug|Any CPU
		{F6092D4F-DC51-46BA-BD82-772E65E76AAD}.Release|Any CPU.ActiveCfg = Release|Any CPU
		{F6092D4F-DC51-46BA-BD82-772E65E76AAD}.Release|Any CPU.Build.0 = Release|Any CPU
	EndGlobalSection
	GlobalSection(SolutionProperties) = preSolution
		HideSolutionNode = FALSE
	EndGlobalSection
	GlobalSection(ExtensibilityGlobals) = postSolution
		SolutionGuid = {6E5A76CD-C0E1-41BC-BFDE-FD329BBD436A}
	EndGlobalSection
EndGlobal
